
Microsoft Visual Studio Solution File, Format Version 12.00
# Visual Studio Version 17
VisualStudioVersion = 17.5.33424.131
MinimumVisualStudioVersion = 10.0.40219.1
Project("{9A19103F-16F7-4668-BE54-9A1E7A4F7556}") = "ProjetoDevSistemas2023Vini", "ProjetoDevSistemas2023Vini.csproj", "{70CBB88E-645C-4B98-896A-1EEB6863105C}"
EndProject
Project("{FAE04EC0-301F-11D3-BF4B-00C04F79EFBC}") = "ProjetoDevSistemas2023Vini.DAO", "..\ProjetoDevSistemas2023Vini.DAO\ProjetoDevSistemas2023Vini.DAO.csproj", "{D0905EB6-4B26-4B07-9849-CDFE35CB4FD1}"
EndProject
Global
	GlobalSection(SolutionConfigurationPlatforms) = preSolution
		Debug|Any CPU = Debug|Any CPU
		Release|Any CPU = Release|Any CPU
	EndGlobalSection
	GlobalSection(ProjectConfigurationPlatforms) = postSolution
		{70CBB88E-645C-4B98-896A-1EEB6863105C}.Debug|Any CPU.ActiveCfg = Debug|Any CPU
		{70CBB88E-645C-4B98-896A-1EEB6863105C}.Debug|Any CPU.Build.0 = Debug|Any CPU
		{70CBB88E-645C-4B98-896A-1EEB6863105C}.Release|Any CPU.ActiveCfg = Release|Any CPU
		{70CBB88E-645C-4B98-896A-1EEB6863105C}.Release|Any CPU.Build.0 = Release|Any CPU
		{D0905EB6-4B26-4B07-9849-CDFE35CB4FD1}.Debug|Any CPU.ActiveCfg = Debug|Any CPU
		{D0905EB6-4B26-4B07-9849-CDFE35CB4FD1}.Debug|Any CPU.Build.0 = Debug|Any CPU
		{D0905EB6-4B26-4B07-9849-CDFE35CB4FD1}.Release|Any CPU.ActiveCfg = Release|Any CPU
		{D0905EB6-4B26-4B07-9849-CDFE35CB4FD1}.Release|Any CPU.Build.0 = Release|Any CPU
	EndGlobalSection
	GlobalSection(SolutionProperties) = preSolution
		HideSolutionNode = FALSE
	EndGlobalSection
	GlobalSection(ExtensibilityGlobals) = postSolution
		SolutionGuid = {867C2BA7-00DB-4714-B812-AE078E01E694}
	EndGlobalSection
EndGlobal
